
Microsoft Visual Studio Solution File, Format Version 12.00
# Visual Studio Version 17
VisualStudioVersion = 17.4.33103.184
MinimumVisualStudioVersion = 10.0.40219.1
Project("{FAE04EC0-301F-11D3-BF4B-00C04F79EFBC}") = "converter_server", "converter_server\converter_server.csproj", "{CA1614C1-8449-462E-BBA5-9D0FB7FCB5F2}"
EndProject
Global
	GlobalSection(SolutionConfigurationPlatforms) = preSolution
		Debug|Any CPU = Debug|Any CPU
		Release|Any CPU = Release|Any CPU
	EndGlobalSection
	GlobalSection(ProjectConfigurationPlatforms) = postSolution
		{CA1614C1-8449-462E-BBA5-9D0FB7FCB5F2}.Debug|Any CPU.ActiveCfg = Debug|Any CPU
		{CA1614C1-8449-462E-BBA5-9D0FB7FCB5F2}.Debug|Any CPU.Build.0 = Debug|Any CPU
		{CA1614C1-8449-462E-BBA5-9D0FB7FCB5F2}.Release|Any CPU.ActiveCfg = Release|Any CPU
		{CA1614C1-8449-462E-BBA5-9D0FB7FCB5F2}.Release|Any CPU.Build.0 = Release|Any CPU
	EndGlobalSection
	GlobalSection(SolutionProperties) = preSolution
		HideSolutionNode = FALSE
	EndGlobalSection
	GlobalSection(ExtensibilityGlobals) = postSolution
		SolutionGuid = {8CAFD531-3D20-479C-9F2D-B2C69BF11A8E}
	EndGlobalSection
EndGlobal
